
Microsoft Visual Studio Solution File, Format Version 12.00
# Visual Studio Version 17
VisualStudioVersion = 17.4.33110.190
MinimumVisualStudioVersion = 10.0.40219.1
Project("{FAE04EC0-301F-11D3-BF4B-00C04F79EFBC}") = "Assignment_2", "Assignment_2\Assignment_2.csproj", "{947784BF-2F4D-49C0-8530-DA6926DEF0C6}"
EndProject
Global
	GlobalSection(SolutionConfigurationPlatforms) = preSolution
		Debug|Any CPU = Debug|Any CPU
		Release|Any CPU = Release|Any CPU
	EndGlobalSection
	GlobalSection(ProjectConfigurationPlatforms) = postSolution
		{947784BF-2F4D-49C0-8530-DA6926DEF0C6}.Debug|Any CPU.ActiveCfg = Debug|Any CPU
		{947784BF-2F4D-49C0-8530-DA6926DEF0C6}.Debug|Any CPU.Build.0 = Debug|Any CPU
		{947784BF-2F4D-49C0-8530-DA6926DEF0C6}.Release|Any CPU.ActiveCfg = Release|Any CPU
		{947784BF-2F4D-49C0-8530-DA6926DEF0C6}.Release|Any CPU.Build.0 = Release|Any CPU
	EndGlobalSection
	GlobalSection(SolutionProperties) = preSolution
		HideSolutionNode = FALSE
	EndGlobalSection
	GlobalSection(ExtensibilityGlobals) = postSolution
		SolutionGuid = {69C302C2-3CC6-4D8A-B4C1-E27A53391508}
	EndGlobalSection
EndGlobal
